
Microsoft Visual Studio Solution File, Format Version 12.00
# Visual Studio Version 17
VisualStudioVersion = 17.5.33627.172
MinimumVisualStudioVersion = 10.0.40219.1
Project("{2150E333-8FDC-42A3-9474-1A3956D46DE8}") = ".build", ".build", "{22CA2260-1C82-4F9F-86EC-E7EE91E3361B}"
	ProjectSection(SolutionItems) = preProject
		.editorconfig = .editorconfig
		.gitattributes = .gitattributes
		.gitignore = .gitignore
		Directory.Build.props = Directory.Build.props
		Directory.Build.targets = Directory.Build.targets
		Directory.Packages.props = Directory.Packages.props
		global.json = global.json
		LICENSE = LICENSE
		NuGet.config = NuGet.config
		README.md = README.md
	EndProjectSection
EndProject
Project("{9A19103F-16F7-4668-BE54-9A1E7A4F7556}") = "Leoncino", "src\Leoncino\Leoncino.csproj", "{B237578B-D51A-4D93-BFD6-D32CAB0C2C3A}"
EndProject
Global
	GlobalSection(SolutionConfigurationPlatforms) = preSolution
		Debug|Any CPU = Debug|Any CPU
		Release|Any CPU = Release|Any CPU
	EndGlobalSection
	GlobalSection(ProjectConfigurationPlatforms) = postSolution
		{B237578B-D51A-4D93-BFD6-D32CAB0C2C3A}.Debug|Any CPU.ActiveCfg = Debug|Any CPU
		{B237578B-D51A-4D93-BFD6-D32CAB0C2C3A}.Debug|Any CPU.Build.0 = Debug|Any CPU
		{B237578B-D51A-4D93-BFD6-D32CAB0C2C3A}.Release|Any CPU.ActiveCfg = Release|Any CPU
		{B237578B-D51A-4D93-BFD6-D32CAB0C2C3A}.Release|Any CPU.Build.0 = Release|Any CPU
	EndGlobalSection
	GlobalSection(SolutionProperties) = preSolution
		HideSolutionNode = FALSE
	EndGlobalSection
	GlobalSection(ExtensibilityGlobals) = postSolution
		SolutionGuid = {D6D6ED45-9C03-461C-8C03-6AB793DA89C9}
	EndGlobalSection
EndGlobal
